{
    "_readme": [
        "This file locks the dependencies of your project to a known state",
        "Read more about it at https://getcomposer.org/doc/01-basic-usage.md#installing-dependencies",
        "This file is @generated automatically"
    ],
    "content-hash": "8c765efaf8e282cc993714cd6cea1f3e",
    "packages": [
        {
            "name": "ksubileau/color-thief-php",
            "version": "v1.4.1",
            "source": {
                "type": "git",
                "url": "https://github.com/ksubileau/color-thief-php.git",
                "reference": "fc2acefacbd037f68cf61bcc62b30ac1bb16ed59"
            },
            "dist": {
                "type": "zip",
                "url": "https://api.github.com/repos/ksubileau/color-thief-php/zipball/fc2acefacbd037f68cf61bcc62b30ac1bb16ed59",
                "reference": "fc2acefacbd037f68cf61bcc62b30ac1bb16ed59",
                "shasum": ""
            },
            "require": {
                "php": ">=5.4.0"
            },
            "require-dev": {
                "friendsofphp/php-cs-fixer": "^2.13",
                "phpunit/phpunit": "~4.8|~5.7"
            },
            "suggest": {
                "ext-gd": "to use the GD image adapter.",
                "ext-gmagick": "to use the Gmagick image adapter.",
                "ext-imagick": "to use the Imagick image adapter."
            },
            "type": "library",
            "autoload": {
                "psr-4": {
                    "ColorThief\\": "lib/ColorThief"
                }
            },
            "notification-url": "https://packagist.org/downloads/",
            "license": [
                "CC-BY-2.5"
            ],
            "authors": [
                {
                    "name": "Kevin Subileau",
                    "homepage": "http://www.kevinsubileau.fr"
                }
            ],
            "description": "Grabs the dominant color or a representative color palette from an image.",
            "homepage": "http://www.kevinsubileau.fr/projets/color-thief-php",
            "keywords": [
                "color",
                "dominant",
                "palette",
                "php",
                "thief"
            ],
            "time": "2018-10-27T18:57:38+00:00"
        },
        {
            "name": "league/color-extractor",
            "version": "0.3.2",
            "source": {
                "type": "git",
                "url": "https://github.com/thephpleague/color-extractor.git",
                "reference": "837086ec60f50c84c611c613963e4ad2e2aec806"
            },
            "dist": {
                "type": "zip",
                "url": "https://api.github.com/repos/thephpleague/color-extractor/zipball/837086ec60f50c84c611c613963e4ad2e2aec806",
                "reference": "837086ec60f50c84c611c613963e4ad2e2aec806",
                "shasum": ""
            },
            "require": {
                "ext-gd": "*",
                "php": ">=5.4.0"
            },
            "replace": {
                "matthecat/colorextractor": "*"
            },
            "require-dev": {
                "friendsofphp/php-cs-fixer": "~2",
                "phpunit/phpunit": "~5"
            },
            "type": "library",
            "autoload": {
                "psr-4": {
                    "": "src"
                }
            },
            "notification-url": "https://packagist.org/downloads/",
            "license": [
                "MIT"
            ],
            "authors": [
                {
                    "name": "Mathieu Lechat",
                    "email": "math.lechat@gmail.com",
                    "homepage": "http://matthecat.com",
                    "role": "Developer"
                }
            ],
            "description": "Extract colors from an image as a human would do.",
            "homepage": "https://github.com/thephpleague/color-extractor",
            "keywords": [
                "color",
                "extract",
                "human",
                "image",
                "palette"
            ],
            "time": "2016-12-15T09:30:02+00:00"
        }
    ],
    "packages-dev": [],
    "aliases": [],
    "minimum-stability": "stable",
    "stability-flags": [],
    "prefer-stable": false,
    "prefer-lowest": false,
    "platform": [],
    "platform-dev": []
}
